// !$*UTF8*$!
{
	archiveVersion = 1;
	classes = {
	};
	objectVersion = 46;
	objects = {

/* Begin PBXBuildFile section */
		FD0D40EF1E09636C008185B1 /* main.m in Sources */ = {isa = PBXBuildFile; fileRef = FD0D40EE1E09636C008185B1 /* main.m */; };
		FD0D40F21E09636C008185B1 /* AppDelegate.m in Sources */ = {isa = PBXBuildFile; fileRef = FD0D40F11E09636C008185B1 /* AppDelegate.m */; };
		FD0D40F81E09636C008185B1 /* Main.storyboard in Resources */ = {isa = PBXBuildFile; fileRef = FD0D40F61E09636C008185B1 /* Main.storyboard */; };
		FD0D40FA1E09636C008185B1 /* Assets.xcassets in Resources */ = {isa = PBXBuildFile; fileRef = FD0D40F91E09636C008185B1 /* Assets.xcassets */; };
		FD0D40FD1E09636C008185B1 /* LaunchScreen.storyboard in Resources */ = {isa = PBXBuildFile; fileRef = FD0D40FB1E09636C008185B1 /* LaunchScreen.storyboard */; };
		FD0D41081E09636C008185B1 /* imageUPTests.m in Sources */ = {isa = PBXBuildFile; fileRef = FD0D41071E09636C008185B1 /* imageUPTests.m */; };
		FD0D41141E0966AD008185B1 /* PhotosCollectionViewController.m in Sources */ = {isa = PBXBuildFile; fileRef = FD0D41131E0966AD008185B1 /* PhotosCollectionViewController.m */; };
		FD0D41191E09675D008185B1 /* PhotoCollectionViewCell.m in Sources */ = {isa = PBXBuildFile; fileRef = FD0D41171E09675D008185B1 /* PhotoCollectionViewCell.m */; };
		FD0D411A1E09675D008185B1 /* PhotoCollectionViewCell.xib in Resources */ = {isa = PBXBuildFile; fileRef = FD0D41181E09675D008185B1 /* PhotoCollectionViewCell.xib */; };
		FD0D411F1E0A1D8D008185B1 /* FilterSelectionCollectionViewController.m in Sources */ = {isa = PBXBuildFile; fileRef = FD0D411E1E0A1D8D008185B1 /* FilterSelectionCollectionViewController.m */; };
		FD0D41211E0A1F5E008185B1 /* FilterSelectionCollectionViewController.storyboard in Resources */ = {isa = PBXBuildFile; fileRef = FD0D41201E0A1F5E008185B1 /* FilterSelectionCollectionViewController.storyboard */; };
		FD901C8C1E0BA0DB00CF07E9 /* PHAsset+ImageKey.m in Sources */ = {isa = PBXBuildFile; fileRef = FD901C8B1E0BA0DB00CF07E9 /* PHAsset+ImageKey.m */; };
		FD901C8E1E0BA1FF00CF07E9 /* Localizable.strings in Resources */ = {isa = PBXBuildFile; fileRef = FD901C8D1E0BA1FF00CF07E9 /* Localizable.strings */; };
		FD901C921E0BA8F300CF07E9 /* proximanova-light.ttf in Resources */ = {isa = PBXBuildFile; fileRef = FD901C8F1E0BA86000CF07E9 /* proximanova-light.ttf */; };
		FD901C931E0BA8F300CF07E9 /* proximanova-regular.ttf in Resources */ = {isa = PBXBuildFile; fileRef = FD901C901E0BA86000CF07E9 /* proximanova-regular.ttf */; };
		FD901C941E0BA8F300CF07E9 /* proximanova-semibold.ttf in Resources */ = {isa = PBXBuildFile; fileRef = FD901C911E0BA86000CF07E9 /* proximanova-semibold.ttf */; };
		FD901C991E0BAA4A00CF07E9 /* Theme.m in Sources */ = {isa = PBXBuildFile; fileRef = FD901C981E0BAA4A00CF07E9 /* Theme.m */; };
		FD901C9C1E0BBEA000CF07E9 /* UICollectionViewCell+ReusableIdentifier.m in Sources */ = {isa = PBXBuildFile; fileRef = FD901C9B1E0BBEA000CF07E9 /* UICollectionViewCell+ReusableIdentifier.m */; };
		FD901CA01E0BC74400CF07E9 /* PermissionViewController.m in Sources */ = {isa = PBXBuildFile; fileRef = FD901C9F1E0BC74400CF07E9 /* PermissionViewController.m */; };
		FD901CA41E0BC7C100CF07E9 /* PermissionViewController.storyboard in Resources */ = {isa = PBXBuildFile; fileRef = FD901CA31E0BC7C100CF07E9 /* PermissionViewController.storyboard */; };
		FD901CA71E0BC8DA00CF07E9 /* AppDelegate+Appearance.m in Sources */ = {isa = PBXBuildFile; fileRef = FD901CA61E0BC8DA00CF07E9 /* AppDelegate+Appearance.m */; };
		FD901CAB1E0BD4CC00CF07E9 /* FilterSelectionCollectionViewCell.m in Sources */ = {isa = PBXBuildFile; fileRef = FD901CA91E0BD4CC00CF07E9 /* FilterSelectionCollectionViewCell.m */; };
		FD901CAC1E0BD4CC00CF07E9 /* FilterSelectionCollectionViewCell.xib in Resources */ = {isa = PBXBuildFile; fileRef = FD901CAA1E0BD4CC00CF07E9 /* FilterSelectionCollectionViewCell.xib */; };
		FD901CB21E0C3CFB00CF07E9 /* Filter.m in Sources */ = {isa = PBXBuildFile; fileRef = FD901CB11E0C3CFB00CF07E9 /* Filter.m */; };
/* End PBXBuildFile section */

/* Begin PBXContainerItemProxy section */
		FD0D41041E09636C008185B1 /* PBXContainerItemProxy */ = {
			isa = PBXContainerItemProxy;
			containerPortal = FD0D40E21E09636C008185B1 /* Project object */;
			proxyType = 1;
			remoteGlobalIDString = FD0D40E91E09636C008185B1;
			remoteInfo = imageUP;
		};
/* End PBXContainerItemProxy section */

/* Begin PBXFileReference section */
		FD0D40EA1E09636C008185B1 /* imageUP.app */ = {isa = PBXFileReference; explicitFileType = wrapper.application; includeInIndex = 0; path = imageUP.app; sourceTree = BUILT_PRODUCTS_DIR; };
		FD0D40EE1E09636C008185B1 /* main.m */ = {isa = PBXFileReference; lastKnownFileType = sourcecode.c.objc; path = main.m; sourceTree = "<group>"; };
		FD0D40F01E09636C008185B1 /* AppDelegate.h */ = {isa = PBXFileReference; lastKnownFileType = sourcecode.c.h; path = AppDelegate.h; sourceTree = "<group>"; };
		FD0D40F11E09636C008185B1 /* AppDelegate.m */ = {isa = PBXFileReference; lastKnownFileType = sourcecode.c.objc; path = AppDelegate.m; sourceTree = "<group>"; };
		FD0D40F71E09636C008185B1 /* Base */ = {isa = PBXFileReference; lastKnownFileType = file.storyboard; name = Base; path = Base.lproj/Main.storyboard; sourceTree = "<group>"; };
		FD0D40F91E09636C008185B1 /* Assets.xcassets */ = {isa = PBXFileReference; lastKnownFileType = folder.assetcatalog; path = Assets.xcassets; sourceTree = "<group>"; };
		FD0D40FC1E09636C008185B1 /* Base */ = {isa = PBXFileReference; lastKnownFileType = file.storyboard; name = Base; path = Base.lproj/LaunchScreen.storyboard; sourceTree = "<group>"; };
		FD0D40FE1E09636C008185B1 /* Info.plist */ = {isa = PBXFileReference; lastKnownFileType = text.plist.xml; path = Info.plist; sourceTree = "<group>"; };
		FD0D41031E09636C008185B1 /* imageUPTests.xctest */ = {isa = PBXFileReference; explicitFileType = wrapper.cfbundle; includeInIndex = 0; path = imageUPTests.xctest; sourceTree = BUILT_PRODUCTS_DIR; };
		FD0D41071E09636C008185B1 /* imageUPTests.m */ = {isa = PBXFileReference; lastKnownFileType = sourcecode.c.objc; path = imageUPTests.m; sourceTree = "<group>"; };
		FD0D41091E09636C008185B1 /* Info.plist */ = {isa = PBXFileReference; lastKnownFileType = text.plist.xml; path = Info.plist; sourceTree = "<group>"; };
		FD0D41121E0966AD008185B1 /* PhotosCollectionViewController.h */ = {isa = PBXFileReference; fileEncoding = 4; lastKnownFileType = sourcecode.c.h; name = PhotosCollectionViewController.h; path = UI/PhotosCollectionViewController.h; sourceTree = "<group>"; };
		FD0D41131E0966AD008185B1 /* PhotosCollectionViewController.m */ = {isa = PBXFileReference; fileEncoding = 4; lastKnownFileType = sourcecode.c.objc; name = PhotosCollectionViewController.m; path = UI/PhotosCollectionViewController.m; sourceTree = "<group>"; };
		FD0D41161E09675D008185B1 /* PhotoCollectionViewCell.h */ = {isa = PBXFileReference; fileEncoding = 4; lastKnownFileType = sourcecode.c.h; name = PhotoCollectionViewCell.h; path = UI/PhotoCollectionViewCell.h; sourceTree = "<group>"; };
		FD0D41171E09675D008185B1 /* PhotoCollectionViewCell.m */ = {isa = PBXFileReference; fileEncoding = 4; lastKnownFileType = sourcecode.c.objc; name = PhotoCollectionViewCell.m; path = UI/PhotoCollectionViewCell.m; sourceTree = "<group>"; };
		FD0D41181E09675D008185B1 /* PhotoCollectionViewCell.xib */ = {isa = PBXFileReference; fileEncoding = 4; lastKnownFileType = file.xib; name = PhotoCollectionViewCell.xib; path = UI/PhotoCollectionViewCell.xib; sourceTree = "<group>"; };
		FD0D411D1E0A1D8D008185B1 /* FilterSelectionCollectionViewController.h */ = {isa = PBXFileReference; fileEncoding = 4; lastKnownFileType = sourcecode.c.h; name = FilterSelectionCollectionViewController.h; path = UI/Filter/FilterSelectionCollectionViewController.h; sourceTree = "<group>"; };
		FD0D411E1E0A1D8D008185B1 /* FilterSelectionCollectionViewController.m */ = {isa = PBXFileReference; fileEncoding = 4; lastKnownFileType = sourcecode.c.objc; name = FilterSelectionCollectionViewController.m; path = UI/Filter/FilterSelectionCollectionViewController.m; sourceTree = "<group>"; };
		FD0D41201E0A1F5E008185B1 /* FilterSelectionCollectionViewController.storyboard */ = {isa = PBXFileReference; fileEncoding = 4; lastKnownFileType = file.storyboard; name = FilterSelectionCollectionViewController.storyboard; path = UI/Filter/FilterSelectionCollectionViewController.storyboard; sourceTree = "<group>"; };
		FD901C8A1E0BA0DB00CF07E9 /* PHAsset+ImageKey.h */ = {isa = PBXFileReference; fileEncoding = 4; lastKnownFileType = sourcecode.c.h; name = "PHAsset+ImageKey.h"; path = "Categories/PHAsset+ImageKey.h"; sourceTree = "<group>"; };
		FD901C8B1E0BA0DB00CF07E9 /* PHAsset+ImageKey.m */ = {isa = PBXFileReference; fileEncoding = 4; lastKnownFileType = sourcecode.c.objc; name = "PHAsset+ImageKey.m"; path = "Categories/PHAsset+ImageKey.m"; sourceTree = "<group>"; };
		FD901C8D1E0BA1FF00CF07E9 /* Localizable.strings */ = {isa = PBXFileReference; fileEncoding = 4; lastKnownFileType = text.plist.strings; path = Localizable.strings; sourceTree = "<group>"; };
		FD901C8F1E0BA86000CF07E9 /* proximanova-light.ttf */ = {isa = PBXFileReference; lastKnownFileType = file; path = "proximanova-light.ttf"; sourceTree = "<group>"; };
		FD901C901E0BA86000CF07E9 /* proximanova-regular.ttf */ = {isa = PBXFileReference; lastKnownFileType = file; path = "proximanova-regular.ttf"; sourceTree = "<group>"; };
		FD901C911E0BA86000CF07E9 /* proximanova-semibold.ttf */ = {isa = PBXFileReference; lastKnownFileType = file; path = "proximanova-semibold.ttf"; sourceTree = "<group>"; };
		FD901C971E0BAA4A00CF07E9 /* Theme.h */ = {isa = PBXFileReference; fileEncoding = 4; lastKnownFileType = sourcecode.c.h; name = Theme.h; path = UI/Theme/Theme.h; sourceTree = "<group>"; };
		FD901C981E0BAA4A00CF07E9 /* Theme.m */ = {isa = PBXFileReference; fileEncoding = 4; lastKnownFileType = sourcecode.c.objc; name = Theme.m; path = UI/Theme/Theme.m; sourceTree = "<group>"; };
		FD901C9A1E0BBEA000CF07E9 /* UICollectionViewCell+ReusableIdentifier.h */ = {isa = PBXFileReference; fileEncoding = 4; lastKnownFileType = sourcecode.c.h; name = "UICollectionViewCell+ReusableIdentifier.h"; path = "Categories/UICollectionViewCell+ReusableIdentifier.h"; sourceTree = "<group>"; };
		FD901C9B1E0BBEA000CF07E9 /* UICollectionViewCell+ReusableIdentifier.m */ = {isa = PBXFileReference; fileEncoding = 4; lastKnownFileType = sourcecode.c.objc; name = "UICollectionViewCell+ReusableIdentifier.m"; path = "Categories/UICollectionViewCell+ReusableIdentifier.m"; sourceTree = "<group>"; };
		FD901C9E1E0BC74400CF07E9 /* PermissionViewController.h */ = {isa = PBXFileReference; fileEncoding = 4; lastKnownFileType = sourcecode.c.h; name = PermissionViewController.h; path = UI/Permission/PermissionViewController.h; sourceTree = "<group>"; };
		FD901C9F1E0BC74400CF07E9 /* PermissionViewController.m */ = {isa = PBXFileReference; fileEncoding = 4; lastKnownFileType = sourcecode.c.objc; name = PermissionViewController.m; path = UI/Permission/PermissionViewController.m; sourceTree = "<group>"; };
		FD901CA31E0BC7C100CF07E9 /* PermissionViewController.storyboard */ = {isa = PBXFileReference; fileEncoding = 4; lastKnownFileType = file.storyboard; name = PermissionViewController.storyboard; path = UI/Permission/PermissionViewController.storyboard; sourceTree = "<group>"; };
		FD901CA51E0BC8DA00CF07E9 /* AppDelegate+Appearance.h */ = {isa = PBXFileReference; fileEncoding = 4; lastKnownFileType = sourcecode.c.h; name = "AppDelegate+Appearance.h"; path = "Categories/AppDelegate+Appearance.h"; sourceTree = "<group>"; };
		FD901CA61E0BC8DA00CF07E9 /* AppDelegate+Appearance.m */ = {isa = PBXFileReference; fileEncoding = 4; lastKnownFileType = sourcecode.c.objc; name = "AppDelegate+Appearance.m"; path = "Categories/AppDelegate+Appearance.m"; sourceTree = "<group>"; };
		FD901CA81E0BD4CC00CF07E9 /* FilterSelectionCollectionViewCell.h */ = {isa = PBXFileReference; fileEncoding = 4; lastKnownFileType = sourcecode.c.h; name = FilterSelectionCollectionViewCell.h; path = UI/Filter/FilterSelectionCollectionViewCell.h; sourceTree = "<group>"; };
		FD901CA91E0BD4CC00CF07E9 /* FilterSelectionCollectionViewCell.m */ = {isa = PBXFileReference; fileEncoding = 4; lastKnownFileType = sourcecode.c.objc; name = FilterSelectionCollectionViewCell.m; path = UI/Filter/FilterSelectionCollectionViewCell.m; sourceTree = "<group>"; };
		FD901CAA1E0BD4CC00CF07E9 /* FilterSelectionCollectionViewCell.xib */ = {isa = PBXFileReference; fileEncoding = 4; lastKnownFileType = file.xib; name = FilterSelectionCollectionViewCell.xib; path = UI/Filter/FilterSelectionCollectionViewCell.xib; sourceTree = "<group>"; };
		FD901CB01E0C3CFB00CF07E9 /* Filter.h */ = {isa = PBXFileReference; fileEncoding = 4; lastKnownFileType = sourcecode.c.h; name = Filter.h; path = UI/Filter/Filter.h; sourceTree = "<group>"; };
		FD901CB11E0C3CFB00CF07E9 /* Filter.m */ = {isa = PBXFileReference; fileEncoding = 4; lastKnownFileType = sourcecode.c.objc; name = Filter.m; path = UI/Filter/Filter.m; sourceTree = "<group>"; };
/* End PBXFileReference section */

/* Begin PBXFrameworksBuildPhase section */
		FD0D40E71E09636C008185B1 /* Frameworks */ = {
			isa = PBXFrameworksBuildPhase;
			buildActionMask = 2147483647;
			files = (
			);
			runOnlyForDeploymentPostprocessing = 0;
		};
		FD0D41001E09636C008185B1 /* Frameworks */ = {
			isa = PBXFrameworksBuildPhase;
			buildActionMask = 2147483647;
			files = (
			);
			runOnlyForDeploymentPostprocessing = 0;
		};
/* End PBXFrameworksBuildPhase section */

/* Begin PBXGroup section */
		FD0D40E11E09636C008185B1 = {
			isa = PBXGroup;
			children = (
				FD0D40EC1E09636C008185B1 /* imageUP */,
				FD0D41061E09636C008185B1 /* imageUPTests */,
				FD0D40EB1E09636C008185B1 /* Products */,
			);
			sourceTree = "<group>";
		};
		FD0D40EB1E09636C008185B1 /* Products */ = {
			isa = PBXGroup;
			children = (
				FD0D40EA1E09636C008185B1 /* imageUP.app */,
				FD0D41031E09636C008185B1 /* imageUPTests.xctest */,
			);
			name = Products;
			sourceTree = "<group>";
		};
		FD0D40EC1E09636C008185B1 /* imageUP */ = {
			isa = PBXGroup;
			children = (
				FD0D40F01E09636C008185B1 /* AppDelegate.h */,
				FD0D40F11E09636C008185B1 /* AppDelegate.m */,
				FD0D41271E0B887C008185B1 /* Categories */,
				FD0D41151E0966B6008185B1 /* UI */,
				FD0D40F61E09636C008185B1 /* Main.storyboard */,
				FD0D40F91E09636C008185B1 /* Assets.xcassets */,
				FD0D40FB1E09636C008185B1 /* LaunchScreen.storyboard */,
				FD0D40FE1E09636C008185B1 /* Info.plist */,
				FD0D40ED1E09636C008185B1 /* Supporting Files */,
			);
			path = imageUP;
			sourceTree = "<group>";
		};
		FD0D40ED1E09636C008185B1 /* Supporting Files */ = {
			isa = PBXGroup;
			children = (
				FD901C8F1E0BA86000CF07E9 /* proximanova-light.ttf */,
				FD901C901E0BA86000CF07E9 /* proximanova-regular.ttf */,
				FD901C911E0BA86000CF07E9 /* proximanova-semibold.ttf */,
				FD0D40EE1E09636C008185B1 /* main.m */,
				FD901C8D1E0BA1FF00CF07E9 /* Localizable.strings */,
			);
			name = "Supporting Files";
			sourceTree = "<group>";
		};
		FD0D41061E09636C008185B1 /* imageUPTests */ = {
			isa = PBXGroup;
			children = (
				FD0D41071E09636C008185B1 /* imageUPTests.m */,
				FD0D41091E09636C008185B1 /* Info.plist */,
			);
			path = imageUPTests;
			sourceTree = "<group>";
		};
		FD0D41151E0966B6008185B1 /* UI */ = {
			isa = PBXGroup;
			children = (
				FD901C9D1E0BC6C000CF07E9 /* Permission */,
				FD901C951E0BAA0E00CF07E9 /* Theme */,
				FD0D411C1E0A1D38008185B1 /* Filter Selection */,
				FD0D411B1E0A1D19008185B1 /* PhotoCollectionViewController */,
			);
			name = UI;
			sourceTree = "<group>";
		};
		FD0D411B1E0A1D19008185B1 /* PhotoCollectionViewController */ = {
			isa = PBXGroup;
			children = (
				FD0D41121E0966AD008185B1 /* PhotosCollectionViewController.h */,
				FD0D41131E0966AD008185B1 /* PhotosCollectionViewController.m */,
				FD0D41161E09675D008185B1 /* PhotoCollectionViewCell.h */,
				FD0D41171E09675D008185B1 /* PhotoCollectionViewCell.m */,
				FD0D41181E09675D008185B1 /* PhotoCollectionViewCell.xib */,
			);
			name = PhotoCollectionViewController;
			sourceTree = "<group>";
		};
		FD0D411C1E0A1D38008185B1 /* Filter Selection */ = {
			isa = PBXGroup;
			children = (
				FD0D411D1E0A1D8D008185B1 /* FilterSelectionCollectionViewController.h */,
				FD0D411E1E0A1D8D008185B1 /* FilterSelectionCollectionViewController.m */,
				FD0D41201E0A1F5E008185B1 /* FilterSelectionCollectionViewController.storyboard */,
				FD901CA81E0BD4CC00CF07E9 /* FilterSelectionCollectionViewCell.h */,
				FD901CA91E0BD4CC00CF07E9 /* FilterSelectionCollectionViewCell.m */,
				FD901CAA1E0BD4CC00CF07E9 /* FilterSelectionCollectionViewCell.xib */,
				FD901CB01E0C3CFB00CF07E9 /* Filter.h */,
				FD901CB11E0C3CFB00CF07E9 /* Filter.m */,
			);
			name = "Filter Selection";
			sourceTree = "<group>";
		};
		FD0D41271E0B887C008185B1 /* Categories */ = {
			isa = PBXGroup;
			children = (
				FD901C8A1E0BA0DB00CF07E9 /* PHAsset+ImageKey.h */,
				FD901C8B1E0BA0DB00CF07E9 /* PHAsset+ImageKey.m */,
				FD901C9A1E0BBEA000CF07E9 /* UICollectionViewCell+ReusableIdentifier.h */,
				FD901C9B1E0BBEA000CF07E9 /* UICollectionViewCell+ReusableIdentifier.m */,
				FD901CA51E0BC8DA00CF07E9 /* AppDelegate+Appearance.h */,
				FD901CA61E0BC8DA00CF07E9 /* AppDelegate+Appearance.m */,
			);
			name = Categories;
			sourceTree = "<group>";
		};
		FD901C951E0BAA0E00CF07E9 /* Theme */ = {
			isa = PBXGroup;
			children = (
				FD901C971E0BAA4A00CF07E9 /* Theme.h */,
				FD901C981E0BAA4A00CF07E9 /* Theme.m */,
			);
			name = Theme;
			sourceTree = "<group>";
		};
		FD901C9D1E0BC6C000CF07E9 /* Permission */ = {
			isa = PBXGroup;
			children = (
				FD901C9E1E0BC74400CF07E9 /* PermissionViewController.h */,
				FD901C9F1E0BC74400CF07E9 /* PermissionViewController.m */,
				FD901CA31E0BC7C100CF07E9 /* PermissionViewController.storyboard */,
			);
			name = Permission;
			sourceTree = "<group>";
		};
/* End PBXGroup section */

/* Begin PBXNativeTarget section */
		FD0D40E91E09636C008185B1 /* imageUP */ = {
			isa = PBXNativeTarget;
			buildConfigurationList = FD0D410C1E09636C008185B1 /* Build configuration list for PBXNativeTarget "imageUP" */;
			buildPhases = (
				FD0D40E61E09636C008185B1 /* Sources */,
				FD0D40E71E09636C008185B1 /* Frameworks */,
				FD0D40E81E09636C008185B1 /* Resources */,
			);
			buildRules = (
			);
			dependencies = (
			);
			name = imageUP;
			productName = imageUP;
			productReference = FD0D40EA1E09636C008185B1 /* imageUP.app */;
			productType = "com.apple.product-type.application";
		};
		FD0D41021E09636C008185B1 /* imageUPTests */ = {
			isa = PBXNativeTarget;
			buildConfigurationList = FD0D410F1E09636C008185B1 /* Build configuration list for PBXNativeTarget "imageUPTests" */;
			buildPhases = (
				FD0D40FF1E09636C008185B1 /* Sources */,
				FD0D41001E09636C008185B1 /* Frameworks */,
				FD0D41011E09636C008185B1 /* Resources */,
			);
			buildRules = (
			);
			dependencies = (
				FD0D41051E09636C008185B1 /* PBXTargetDependency */,
			);
			name = imageUPTests;
			productName = imageUPTests;
			productReference = FD0D41031E09636C008185B1 /* imageUPTests.xctest */;
			productType = "com.apple.product-type.bundle.unit-test";
		};
/* End PBXNativeTarget section */

/* Begin PBXProject section */
		FD0D40E21E09636C008185B1 /* Project object */ = {
			isa = PBXProject;
			attributes = {
				LastUpgradeCheck = 0820;
				ORGANIZATIONNAME = "Steven Bishop";
				TargetAttributes = {
					FD0D40E91E09636C008185B1 = {
						CreatedOnToolsVersion = 8.2;
						DevelopmentTeam = QGTZB9G6D4;
						ProvisioningStyle = Automatic;
					};
					FD0D41021E09636C008185B1 = {
						CreatedOnToolsVersion = 8.2;
						ProvisioningStyle = Automatic;
						TestTargetID = FD0D40E91E09636C008185B1;
					};
				};
			};
			buildConfigurationList = FD0D40E51E09636C008185B1 /* Build configuration list for PBXProject "imageUP" */;
			compatibilityVersion = "Xcode 3.2";
			developmentRegion = English;
			hasScannedForEncodings = 0;
			knownRegions = (
				Base,
			);
			mainGroup = FD0D40E11E09636C008185B1;
			productRefGroup = FD0D40EB1E09636C008185B1 /* Products */;
			projectDirPath = "";
			projectRoot = "";
			targets = (
				FD0D40E91E09636C008185B1 /* imageUP */,
				FD0D41021E09636C008185B1 /* imageUPTests */,
			);
		};
/* End PBXProject section */

/* Begin PBXResourcesBuildPhase section */
		FD0D40E81E09636C008185B1 /* Resources */ = {
			isa = PBXResourcesBuildPhase;
			buildActionMask = 2147483647;
			files = (
				FD901C921E0BA8F300CF07E9 /* proximanova-light.ttf in Resources */,
				FD901C931E0BA8F300CF07E9 /* proximanova-regular.ttf in Resources */,
				FD901C941E0BA8F300CF07E9 /* proximanova-semibold.ttf in Resources */,
				FD0D40FD1E09636C008185B1 /* LaunchScreen.storyboard in Resources */,
				FD901CA41E0BC7C100CF07E9 /* PermissionViewController.storyboard in Resources */,
				FD0D411A1E09675D008185B1 /* PhotoCollectionViewCell.xib in Resources */,
				FD901CAC1E0BD4CC00CF07E9 /* FilterSelectionCollectionViewCell.xib in Resources */,
				FD0D41211E0A1F5E008185B1 /* FilterSelectionCollectionViewController.storyboard in Resources */,
				FD0D40FA1E09636C008185B1 /* Assets.xcassets in Resources */,
				FD901C8E1E0BA1FF00CF07E9 /* Localizable.strings in Resources */,
				FD0D40F81E09636C008185B1 /* Main.storyboard in Resources */,
			);
			runOnlyForDeploymentPostprocessing = 0;
		};
		FD0D41011E09636C008185B1 /* Resources */ = {
			isa = PBXResourcesBuildPhase;
			buildActionMask = 2147483647;
			files = (
			);
			runOnlyForDeploymentPostprocessing = 0;
		};
/* End PBXResourcesBuildPhase section */

/* Begin PBXSourcesBuildPhase section */
		FD0D40E61E09636C008185B1 /* Sources */ = {
			isa = PBXSourcesBuildPhase;
			buildActionMask = 2147483647;
			files = (
				FD0D40F21E09636C008185B1 /* AppDelegate.m in Sources */,
				FD901CB21E0C3CFB00CF07E9 /* Filter.m in Sources */,
				FD901C9C1E0BBEA000CF07E9 /* UICollectionViewCell+ReusableIdentifier.m in Sources */,
				FD0D41191E09675D008185B1 /* PhotoCollectionViewCell.m in Sources */,
				FD0D411F1E0A1D8D008185B1 /* FilterSelectionCollectionViewController.m in Sources */,
				FD0D41141E0966AD008185B1 /* PhotosCollectionViewController.m in Sources */,
				FD901C991E0BAA4A00CF07E9 /* Theme.m in Sources */,
				FD0D40EF1E09636C008185B1 /* main.m in Sources */,
				FD901CA71E0BC8DA00CF07E9 /* AppDelegate+Appearance.m in Sources */,
				FD901C8C1E0BA0DB00CF07E9 /* PHAsset+ImageKey.m in Sources */,
				FD901CA01E0BC74400CF07E9 /* PermissionViewController.m in Sources */,
				FD901CAB1E0BD4CC00CF07E9 /* FilterSelectionCollectionViewCell.m in Sources */,
			);
			runOnlyForDeploymentPostprocessing = 0;
		};
		FD0D40FF1E09636C008185B1 /* Sources */ = {
			isa = PBXSourcesBuildPhase;
			buildActionMask = 2147483647;
			files = (
				FD0D41081E09636C008185B1 /* imageUPTests.m in Sources */,
			);
			runOnlyForDeploymentPostprocessing = 0;
		};
/* End PBXSourcesBuildPhase section */

/* Begin PBXTargetDependency section */
		FD0D41051E09636C008185B1 /* PBXTargetDependency */ = {
			isa = PBXTargetDependency;
			target = FD0D40E91E09636C008185B1 /* imageUP */;
			targetProxy = FD0D41041E09636C008185B1 /* PBXContainerItemProxy */;
		};
/* End PBXTargetDependency section */

/* Begin PBXVariantGroup section */
		FD0D40F61E09636C008185B1 /* Main.storyboard */ = {
			isa = PBXVariantGroup;
			children = (
				FD0D40F71E09636C008185B1 /* Base */,
			);
			name = Main.storyboard;
			sourceTree = "<group>";
		};
		FD0D40FB1E09636C008185B1 /* LaunchScreen.storyboard */ = {
			isa = PBXVariantGroup;
			children = (
				FD0D40FC1E09636C008185B1 /* Base */,
			);
			name = LaunchScreen.storyboard;
			sourceTree = "<group>";
		};
/* End PBXVariantGroup section */

/* Begin XCBuildConfiguration section */
		FD0D410A1E09636C008185B1 /* Debug */ = {
			isa = XCBuildConfiguration;
			buildSettings = {
				ALWAYS_SEARCH_USER_PATHS = NO;
				CLANG_ANALYZER_NONNULL = YES;
				CLANG_CXX_LANGUAGE_STANDARD = "gnu++0x";
				CLANG_CXX_LIBRARY = "libc++";
				CLANG_ENABLE_MODULES = YES;
				CLANG_ENABLE_OBJC_ARC = YES;
				CLANG_WARN_BOOL_CONVERSION = YES;
				CLANG_WARN_CONSTANT_CONVERSION = YES;
				CLANG_WARN_DIRECT_OBJC_ISA_USAGE = YES_ERROR;
				CLANG_WARN_DOCUMENTATION_COMMENTS = YES;
				CLANG_WARN_EMPTY_BODY = YES;
				CLANG_WARN_ENUM_CONVERSION = YES;
				CLANG_WARN_INFINITE_RECURSION = YES;
				CLANG_WARN_INT_CONVERSION = YES;
				CLANG_WARN_OBJC_ROOT_CLASS = YES_ERROR;
				CLANG_WARN_SUSPICIOUS_MOVE = YES;
				CLANG_WARN_UNREACHABLE_CODE = YES;
				CLANG_WARN__DUPLICATE_METHOD_MATCH = YES;
				"CODE_SIGN_IDENTITY[sdk=iphoneos*]" = "iPhone Developer";
				COPY_PHASE_STRIP = NO;
				DEBUG_INFORMATION_FORMAT = dwarf;
				ENABLE_STRICT_OBJC_MSGSEND = YES;
				ENABLE_TESTABILITY = YES;
				GCC_C_LANGUAGE_STANDARD = gnu99;
				GCC_DYNAMIC_NO_PIC = NO;
				GCC_NO_COMMON_BLOCKS = YES;
				GCC_OPTIMIZATION_LEVEL = 0;
				GCC_PREPROCESSOR_DEFINITIONS = (
					"DEBUG=1",
					"$(inherited)",
				);
				GCC_WARN_64_TO_32_BIT_CONVERSION = YES;
				GCC_WARN_ABOUT_RETURN_TYPE = YES_ERROR;
				GCC_WARN_UNDECLARED_SELECTOR = YES;
				GCC_WARN_UNINITIALIZED_AUTOS = YES_AGGRESSIVE;
				GCC_WARN_UNUSED_FUNCTION = YES;
				GCC_WARN_UNUSED_VARIABLE = YES;
				IPHONEOS_DEPLOYMENT_TARGET = 10.0;
				MTL_ENABLE_DEBUG_INFO = YES;
				ONLY_ACTIVE_ARCH = YES;
				SDKROOT = iphoneos;
				TARGETED_DEVICE_FAMILY = "1,2";
			};
			name = Debug;
		};
		FD0D410B1E09636C008185B1 /* Release */ = {
			isa = XCBuildConfiguration;
			buildSettings = {
				ALWAYS_SEARCH_USER_PATHS = NO;
				CLANG_ANALYZER_NONNULL = YES;
				CLANG_CXX_LANGUAGE_STANDARD = "gnu++0x";
				CLANG_CXX_LIBRARY = "libc++";
				CLANG_ENABLE_MODULES = YES;
				CLANG_ENABLE_OBJC_ARC = YES;
				CLANG_WARN_BOOL_CONVERSION = YES;
				CLANG_WARN_CONSTANT_CONVERSION = YES;
				CLANG_WARN_DIRECT_OBJC_ISA_USAGE = YES_ERROR;
				CLANG_WARN_DOCUMENTATION_COMMENTS = YES;
				CLANG_WARN_EMPTY_BODY = YES;
				CLANG_WARN_ENUM_CONVERSION = YES;
				CLANG_WARN_INFINITE_RECURSION = YES;
				CLANG_WARN_INT_CONVERSION = YES;
				CLANG_WARN_OBJC_ROOT_CLASS = YES_ERROR;
				CLANG_WARN_SUSPICIOUS_MOVE = YES;
				CLANG_WARN_UNREACHABLE_CODE = YES;
				CLANG_WARN__DUPLICATE_METHOD_MATCH = YES;
				"CODE_SIGN_IDENTITY[sdk=iphoneos*]" = "iPhone Developer";
				COPY_PHASE_STRIP = NO;
				DEBUG_INFORMATION_FORMAT = "dwarf-with-dsym";
				ENABLE_NS_ASSERTIONS = NO;
				ENABLE_STRICT_OBJC_MSGSEND = YES;
				GCC_C_LANGUAGE_STANDARD = gnu99;
				GCC_NO_COMMON_BLOCKS = YES;
				GCC_WARN_64_TO_32_BIT_CONVERSION = YES;
				GCC_WARN_ABOUT_RETURN_TYPE = YES_ERROR;
				GCC_WARN_UNDECLARED_SELECTOR = YES;
				GCC_WARN_UNINITIALIZED_AUTOS = YES_AGGRESSIVE;
				GCC_WARN_UNUSED_FUNCTION = YES;
				GCC_WARN_UNUSED_VARIABLE = YES;
				IPHONEOS_DEPLOYMENT_TARGET = 10.0;
				MTL_ENABLE_DEBUG_INFO = NO;
				SDKROOT = iphoneos;
				TARGETED_DEVICE_FAMILY = "1,2";
				VALIDATE_PRODUCT = YES;
			};
			name = Release;
		};
		FD0D410D1E09636C008185B1 /* Debug */ = {
			isa = XCBuildConfiguration;
			buildSettings = {
				ASSETCATALOG_COMPILER_APPICON_NAME = AppIcon;
				DEVELOPMENT_TEAM = QGTZB9G6D4;
				INFOPLIST_FILE = imageUP/Info.plist;
				LD_RUNPATH_SEARCH_PATHS = "$(inherited) @executable_path/Frameworks";
				PRODUCT_BUNDLE_IDENTIFIER = stevenbishop.imageUP;
				PRODUCT_NAME = "$(TARGET_NAME)";
			};
			name = Debug;
		};
		FD0D410E1E09636C008185B1 /* Release */ = {
			isa = XCBuildConfiguration;
			buildSettings = {
				ASSETCATALOG_COMPILER_APPICON_NAME = AppIcon;
				DEVELOPMENT_TEAM = QGTZB9G6D4;
				INFOPLIST_FILE = imageUP/Info.plist;
				LD_RUNPATH_SEARCH_PATHS = "$(inherited) @executable_path/Frameworks";
				PRODUCT_BUNDLE_IDENTIFIER = stevenbishop.imageUP;
				PRODUCT_NAME = "$(TARGET_NAME)";
			};
			name = Release;
		};
		FD0D41101E09636C008185B1 /* Debug */ = {
			isa = XCBuildConfiguration;
			buildSettings = {
				BUNDLE_LOADER = "$(TEST_HOST)";
				INFOPLIST_FILE = imageUPTests/Info.plist;
				LD_RUNPATH_SEARCH_PATHS = "$(inherited) @executable_path/Frameworks @loader_path/Frameworks";
				PRODUCT_BUNDLE_IDENTIFIER = stevenbishop.imageUPTests;
				PRODUCT_NAME = "$(TARGET_NAME)";
				TEST_HOST = "$(BUILT_PRODUCTS_DIR)/imageUP.app/imageUP";
			};
			name = Debug;
		};
		FD0D41111E09636C008185B1 /* Release */ = {
			isa = XCBuildConfiguration;
			buildSettings = {
				BUNDLE_LOADER = "$(TEST_HOST)";
				INFOPLIST_FILE = imageUPTests/Info.plist;
				LD_RUNPATH_SEARCH_PATHS = "$(inherited) @executable_path/Frameworks @loader_path/Frameworks";
				PRODUCT_BUNDLE_IDENTIFIER = stevenbishop.imageUPTests;
				PRODUCT_NAME = "$(TARGET_NAME)";
				TEST_HOST = "$(BUILT_PRODUCTS_DIR)/imageUP.app/imageUP";
			};
			name = Release;
		};
/* End XCBuildConfiguration section */

/* Begin XCConfigurationList section */
		FD0D40E51E09636C008185B1 /* Build configuration list for PBXProject "imageUP" */ = {
			isa = XCConfigurationList;
			buildConfigurations = (
				FD0D410A1E09636C008185B1 /* Debug */,
				FD0D410B1E09636C008185B1 /* Release */,
			);
			defaultConfigurationIsVisible = 0;
			defaultConfigurationName = Release;
		};
		FD0D410C1E09636C008185B1 /* Build configuration list for PBXNativeTarget "imageUP" */ = {
			isa = XCConfigurationList;
			buildConfigurations = (
				FD0D410D1E09636C008185B1 /* Debug */,
				FD0D410E1E09636C008185B1 /* Release */,
			);
			defaultConfigurationIsVisible = 0;
			defaultConfigurationName = Release;
		};
		FD0D410F1E09636C008185B1 /* Build configuration list for PBXNativeTarget "imageUPTests" */ = {
			isa = XCConfigurationList;
			buildConfigurations = (
				FD0D41101E09636C008185B1 /* Debug */,
				FD0D41111E09636C008185B1 /* Release */,
			);
			defaultConfigurationIsVisible = 0;
			defaultConfigurationName = Release;
		};
/* End XCConfigurationList section */
	};
	rootObject = FD0D40E21E09636C008185B1 /* Project object */;
}
